
Microsoft Visual Studio Solution File, Format Version 12.00
# Visual Studio 2012
Project("{FAE04EC0-301F-11D3-BF4B-00C04F79EFBC}") = "AirplanePanel", "AirplanePanel\AirplanePanel.csproj", "{7F4B69A5-EB2B-4180-8F20-09390AF0E91B}"
EndProject
Global
	GlobalSection(SolutionConfigurationPlatforms) = preSolution
		Debug|Any CPU = Debug|Any CPU
		Release|Any CPU = Release|Any CPU
	EndGlobalSection
	GlobalSection(ProjectConfigurationPlatforms) = postSolution
		{7F4B69A5-EB2B-4180-8F20-09390AF0E91B}.Debug|Any CPU.ActiveCfg = Debug|Any CPU
		{7F4B69A5-EB2B-4180-8F20-09390AF0E91B}.Debug|Any CPU.Build.0 = Debug|Any CPU
		{7F4B69A5-EB2B-4180-8F20-09390AF0E91B}.Release|Any CPU.ActiveCfg = Release|Any CPU
		{7F4B69A5-EB2B-4180-8F20-09390AF0E91B}.Release|Any CPU.Build.0 = Release|Any CPU
	EndGlobalSection
	GlobalSection(SolutionProperties) = preSolution
		HideSolutionNode = FALSE
	EndGlobalSection
EndGlobal
